// !$*UTF8*$!
{
	archiveVersion = 1;
	classes = {
	};
	objectVersion = 56;
	objects = {

/* Begin PBXBuildFile section */
		24BEB5072A0360450010EC5A /* main.c in Sources */ = {isa = PBXBuildFile; fileRef = 24BEB5062A0360450010EC5A /* main.c */; };
		24BEB5122A038BD40010EC5A /* chunk.c in Sources */ = {isa = PBXBuildFile; fileRef = 24BEB5112A038BD40010EC5A /* chunk.c */; };
		24BEB5152A0392190010EC5A /* memory.c in Sources */ = {isa = PBXBuildFile; fileRef = 24BEB5142A0392190010EC5A /* memory.c */; };
		24BEB5182A039BC30010EC5A /* debug.c in Sources */ = {isa = PBXBuildFile; fileRef = 24BEB5172A039BC30010EC5A /* debug.c */; };
		24BEB51B2A03A8F10010EC5A /* value.c in Sources */ = {isa = PBXBuildFile; fileRef = 24BEB51A2A03A8F00010EC5A /* value.c */; };
		24BEB51E2A03C0D10010EC5A /* vm.c in Sources */ = {isa = PBXBuildFile; fileRef = 24BEB51D2A03C0D10010EC5A /* vm.c */; };
/* End PBXBuildFile section */

/* Begin PBXCopyFilesBuildPhase section */
		24BEB5012A0360450010EC5A /* CopyFiles */ = {
			isa = PBXCopyFilesBuildPhase;
			buildActionMask = 2147483647;
			dstPath = /usr/share/man/man1/;
			dstSubfolderSpec = 0;
			files = (
			);
			runOnlyForDeploymentPostprocessing = 1;
		};
/* End PBXCopyFilesBuildPhase section */

/* Begin PBXFileReference section */
		24BEB5032A0360450010EC5A /* CLox */ = {isa = PBXFileReference; explicitFileType = "compiled.mach-o.executable"; includeInIndex = 0; path = CLox; sourceTree = BUILT_PRODUCTS_DIR; };
		24BEB5062A0360450010EC5A /* main.c */ = {isa = PBXFileReference; lastKnownFileType = sourcecode.c.c; path = main.c; sourceTree = "<group>"; };
		24BEB50D2A0364B60010EC5A /* common.h */ = {isa = PBXFileReference; lastKnownFileType = sourcecode.c.h; path = common.h; sourceTree = "<group>"; };
		24BEB5102A0378240010EC5A /* chunk.h */ = {isa = PBXFileReference; lastKnownFileType = sourcecode.c.h; path = chunk.h; sourceTree = "<group>"; };
		24BEB5112A038BD40010EC5A /* chunk.c */ = {isa = PBXFileReference; lastKnownFileType = sourcecode.c.c; path = chunk.c; sourceTree = "<group>"; };
		24BEB5132A0392190010EC5A /* memory.h */ = {isa = PBXFileReference; lastKnownFileType = sourcecode.c.h; path = memory.h; sourceTree = "<group>"; };
		24BEB5142A0392190010EC5A /* memory.c */ = {isa = PBXFileReference; lastKnownFileType = sourcecode.c.c; path = memory.c; sourceTree = "<group>"; };
		24BEB5162A039BC30010EC5A /* debug.h */ = {isa = PBXFileReference; lastKnownFileType = sourcecode.c.h; path = debug.h; sourceTree = "<group>"; };
		24BEB5172A039BC30010EC5A /* debug.c */ = {isa = PBXFileReference; lastKnownFileType = sourcecode.c.c; path = debug.c; sourceTree = "<group>"; };
		24BEB5192A03A8F00010EC5A /* value.h */ = {isa = PBXFileReference; lastKnownFileType = sourcecode.c.h; path = value.h; sourceTree = "<group>"; };
		24BEB51A2A03A8F00010EC5A /* value.c */ = {isa = PBXFileReference; lastKnownFileType = sourcecode.c.c; path = value.c; sourceTree = "<group>"; };
		24BEB51C2A03C0D10010EC5A /* vm.h */ = {isa = PBXFileReference; lastKnownFileType = sourcecode.c.h; path = vm.h; sourceTree = "<group>"; };
		24BEB51D2A03C0D10010EC5A /* vm.c */ = {isa = PBXFileReference; lastKnownFileType = sourcecode.c.c; path = vm.c; sourceTree = "<group>"; };
/* End PBXFileReference section */

/* Begin PBXFrameworksBuildPhase section */
		24BEB5002A0360450010EC5A /* Frameworks */ = {
			isa = PBXFrameworksBuildPhase;
			buildActionMask = 2147483647;
			files = (
			);
			runOnlyForDeploymentPostprocessing = 0;
		};
/* End PBXFrameworksBuildPhase section */

/* Begin PBXGroup section */
		24BEB4FA2A0360450010EC5A = {
			isa = PBXGroup;
			children = (
				24BEB5052A0360450010EC5A /* CLox */,
				24BEB5042A0360450010EC5A /* Products */,
			);
			sourceTree = "<group>";
		};
		24BEB5042A0360450010EC5A /* Products */ = {
			isa = PBXGroup;
			children = (
				24BEB5032A0360450010EC5A /* CLox */,
			);
			name = Products;
			sourceTree = "<group>";
		};
		24BEB5052A0360450010EC5A /* CLox */ = {
			isa = PBXGroup;
			children = (
				24BEB5062A0360450010EC5A /* main.c */,
				24BEB50D2A0364B60010EC5A /* common.h */,
				24BEB5102A0378240010EC5A /* chunk.h */,
				24BEB5112A038BD40010EC5A /* chunk.c */,
				24BEB5132A0392190010EC5A /* memory.h */,
				24BEB5142A0392190010EC5A /* memory.c */,
				24BEB5162A039BC30010EC5A /* debug.h */,
				24BEB5172A039BC30010EC5A /* debug.c */,
				24BEB5192A03A8F00010EC5A /* value.h */,
				24BEB51A2A03A8F00010EC5A /* value.c */,
				24BEB51C2A03C0D10010EC5A /* vm.h */,
				24BEB51D2A03C0D10010EC5A /* vm.c */,
			);
			path = CLox;
			sourceTree = "<group>";
		};
/* End PBXGroup section */

/* Begin PBXNativeTarget section */
		24BEB5022A0360450010EC5A /* CLox */ = {
			isa = PBXNativeTarget;
			buildConfigurationList = 24BEB50A2A0360450010EC5A /* Build configuration list for PBXNativeTarget "CLox" */;
			buildPhases = (
				24BEB4FF2A0360450010EC5A /* Sources */,
				24BEB5002A0360450010EC5A /* Frameworks */,
				24BEB5012A0360450010EC5A /* CopyFiles */,
			);
			buildRules = (
			);
			dependencies = (
			);
			name = CLox;
			productName = CLox;
			productReference = 24BEB5032A0360450010EC5A /* CLox */;
			productType = "com.apple.product-type.tool";
		};
/* End PBXNativeTarget section */

/* Begin PBXProject section */
		24BEB4FB2A0360450010EC5A /* Project object */ = {
			isa = PBXProject;
			attributes = {
				BuildIndependentTargetsInParallel = 1;
				LastUpgradeCheck = 1430;
				TargetAttributes = {
					24BEB5022A0360450010EC5A = {
						CreatedOnToolsVersion = 14.3;
					};
				};
			};
			buildConfigurationList = 24BEB4FE2A0360450010EC5A /* Build configuration list for PBXProject "CLox" */;
			compatibilityVersion = "Xcode 14.0";
			developmentRegion = en;
			hasScannedForEncodings = 0;
			knownRegions = (
				en,
				Base,
			);
			mainGroup = 24BEB4FA2A0360450010EC5A;
			productRefGroup = 24BEB5042A0360450010EC5A /* Products */;
			projectDirPath = "";
			projectRoot = "";
			targets = (
				24BEB5022A0360450010EC5A /* CLox */,
			);
		};
/* End PBXProject section */

/* Begin PBXSourcesBuildPhase section */
		24BEB4FF2A0360450010EC5A /* Sources */ = {
			isa = PBXSourcesBuildPhase;
			buildActionMask = 2147483647;
			files = (
				24BEB51B2A03A8F10010EC5A /* value.c in Sources */,
				24BEB5072A0360450010EC5A /* main.c in Sources */,
				24BEB5152A0392190010EC5A /* memory.c in Sources */,
				24BEB5122A038BD40010EC5A /* chunk.c in Sources */,
				24BEB51E2A03C0D10010EC5A /* vm.c in Sources */,
				24BEB5182A039BC30010EC5A /* debug.c in Sources */,
			);
			runOnlyForDeploymentPostprocessing = 0;
		};
/* End PBXSourcesBuildPhase section */

/* Begin XCBuildConfiguration section */
		24BEB5082A0360450010EC5A /* Debug */ = {
			isa = XCBuildConfiguration;
			buildSettings = {
				ALWAYS_SEARCH_USER_PATHS = NO;
				CLANG_ANALYZER_NONNULL = YES;
				CLANG_ANALYZER_NUMBER_OBJECT_CONVERSION = YES_AGGRESSIVE;
				CLANG_CXX_LANGUAGE_STANDARD = "gnu++20";
				CLANG_ENABLE_MODULES = YES;
				CLANG_ENABLE_OBJC_ARC = YES;
				CLANG_ENABLE_OBJC_WEAK = YES;
				CLANG_WARN_BLOCK_CAPTURE_AUTORELEASING = YES;
				CLANG_WARN_BOOL_CONVERSION = YES;
				CLANG_WARN_COMMA = YES;
				CLANG_WARN_CONSTANT_CONVERSION = YES;
				CLANG_WARN_DEPRECATED_OBJC_IMPLEMENTATIONS = YES;
				CLANG_WARN_DIRECT_OBJC_ISA_USAGE = YES_ERROR;
				CLANG_WARN_DOCUMENTATION_COMMENTS = YES;
				CLANG_WARN_EMPTY_BODY = YES;
				CLANG_WARN_ENUM_CONVERSION = YES;
				CLANG_WARN_INFINITE_RECURSION = YES;
				CLANG_WARN_INT_CONVERSION = YES;
				CLANG_WARN_NON_LITERAL_NULL_CONVERSION = YES;
				CLANG_WARN_OBJC_IMPLICIT_RETAIN_SELF = YES;
				CLANG_WARN_OBJC_LITERAL_CONVERSION = YES;
				CLANG_WARN_OBJC_ROOT_CLASS = YES_ERROR;
				CLANG_WARN_QUOTED_INCLUDE_IN_FRAMEWORK_HEADER = YES;
				CLANG_WARN_RANGE_LOOP_ANALYSIS = YES;
				CLANG_WARN_STRICT_PROTOTYPES = YES;
				CLANG_WARN_SUSPICIOUS_MOVE = YES;
				CLANG_WARN_UNGUARDED_AVAILABILITY = YES_AGGRESSIVE;
				CLANG_WARN_UNREACHABLE_CODE = YES;
				CLANG_WARN__DUPLICATE_METHOD_MATCH = YES;
				COPY_PHASE_STRIP = NO;
				DEBUG_INFORMATION_FORMAT = dwarf;
				ENABLE_STRICT_OBJC_MSGSEND = YES;
				ENABLE_TESTABILITY = YES;
				GCC_C_LANGUAGE_STANDARD = gnu11;
				GCC_DYNAMIC_NO_PIC = NO;
				GCC_NO_COMMON_BLOCKS = YES;
				GCC_OPTIMIZATION_LEVEL = 0;
				GCC_PREPROCESSOR_DEFINITIONS = (
					"DEBUG=1",
					"$(inherited)",
				);
				GCC_WARN_64_TO_32_BIT_CONVERSION = YES;
				GCC_WARN_ABOUT_RETURN_TYPE = YES_ERROR;
				GCC_WARN_UNDECLARED_SELECTOR = YES;
				GCC_WARN_UNINITIALIZED_AUTOS = YES_AGGRESSIVE;
				GCC_WARN_UNUSED_FUNCTION = YES;
				GCC_WARN_UNUSED_VARIABLE = YES;
				MACOSX_DEPLOYMENT_TARGET = 13.3;
				MTL_ENABLE_DEBUG_INFO = INCLUDE_SOURCE;
				MTL_FAST_MATH = YES;
				ONLY_ACTIVE_ARCH = YES;
				SDKROOT = macosx;
			};
			name = Debug;
		};
		24BEB5092A0360450010EC5A /* Release */ = {
			isa = XCBuildConfiguration;
			buildSettings = {
				ALWAYS_SEARCH_USER_PATHS = NO;
				CLANG_ANALYZER_NONNULL = YES;
				CLANG_ANALYZER_NUMBER_OBJECT_CONVERSION = YES_AGGRESSIVE;
				CLANG_CXX_LANGUAGE_STANDARD = "gnu++20";
				CLANG_ENABLE_MODULES = YES;
				CLANG_ENABLE_OBJC_ARC = YES;
				CLANG_ENABLE_OBJC_WEAK = YES;
				CLANG_WARN_BLOCK_CAPTURE_AUTORELEASING = YES;
				CLANG_WARN_BOOL_CONVERSION = YES;
				CLANG_WARN_COMMA = YES;
				CLANG_WARN_CONSTANT_CONVERSION = YES;
				CLANG_WARN_DEPRECATED_OBJC_IMPLEMENTATIONS = YES;
				CLANG_WARN_DIRECT_OBJC_ISA_USAGE = YES_ERROR;
				CLANG_WARN_DOCUMENTATION_COMMENTS = YES;
				CLANG_WARN_EMPTY_BODY = YES;
				CLANG_WARN_ENUM_CONVERSION = YES;
				CLANG_WARN_INFINITE_RECURSION = YES;
				CLANG_WARN_INT_CONVERSION = YES;
				CLANG_WARN_NON_LITERAL_NULL_CONVERSION = YES;
				CLANG_WARN_OBJC_IMPLICIT_RETAIN_SELF = YES;
				CLANG_WARN_OBJC_LITERAL_CONVERSION = YES;
				CLANG_WARN_OBJC_ROOT_CLASS = YES_ERROR;
				CLANG_WARN_QUOTED_INCLUDE_IN_FRAMEWORK_HEADER = YES;
				CLANG_WARN_RANGE_LOOP_ANALYSIS = YES;
				CLANG_WARN_STRICT_PROTOTYPES = YES;
				CLANG_WARN_SUSPICIOUS_MOVE = YES;
				CLANG_WARN_UNGUARDED_AVAILABILITY = YES_AGGRESSIVE;
				CLANG_WARN_UNREACHABLE_CODE = YES;
				CLANG_WARN__DUPLICATE_METHOD_MATCH = YES;
				COPY_PHASE_STRIP = NO;
				DEBUG_INFORMATION_FORMAT = "dwarf-with-dsym";
				ENABLE_NS_ASSERTIONS = NO;
				ENABLE_STRICT_OBJC_MSGSEND = YES;
				GCC_C_LANGUAGE_STANDARD = gnu11;
				GCC_NO_COMMON_BLOCKS = YES;
				GCC_WARN_64_TO_32_BIT_CONVERSION = YES;
				GCC_WARN_ABOUT_RETURN_TYPE = YES_ERROR;
				GCC_WARN_UNDECLARED_SELECTOR = YES;
				GCC_WARN_UNINITIALIZED_AUTOS = YES_AGGRESSIVE;
				GCC_WARN_UNUSED_FUNCTION = YES;
				GCC_WARN_UNUSED_VARIABLE = YES;
				MACOSX_DEPLOYMENT_TARGET = 13.3;
				MTL_ENABLE_DEBUG_INFO = NO;
				MTL_FAST_MATH = YES;
				SDKROOT = macosx;
			};
			name = Release;
		};
		24BEB50B2A0360450010EC5A /* Debug */ = {
			isa = XCBuildConfiguration;
			buildSettings = {
				CODE_SIGN_STYLE = Automatic;
				DEVELOPMENT_TEAM = 96WMQ5U8DE;
				ENABLE_HARDENED_RUNTIME = YES;
				PRODUCT_NAME = "$(TARGET_NAME)";
			};
			name = Debug;
		};
		24BEB50C2A0360450010EC5A /* Release */ = {
			isa = XCBuildConfiguration;
			buildSettings = {
				CODE_SIGN_STYLE = Automatic;
				DEVELOPMENT_TEAM = 96WMQ5U8DE;
				ENABLE_HARDENED_RUNTIME = YES;
				PRODUCT_NAME = "$(TARGET_NAME)";
			};
			name = Release;
		};
/* End XCBuildConfiguration section */

/* Begin XCConfigurationList section */
		24BEB4FE2A0360450010EC5A /* Build configuration list for PBXProject "CLox" */ = {
			isa = XCConfigurationList;
			buildConfigurations = (
				24BEB5082A0360450010EC5A /* Debug */,
				24BEB5092A0360450010EC5A /* Release */,
			);
			defaultConfigurationIsVisible = 0;
			defaultConfigurationName = Release;
		};
		24BEB50A2A0360450010EC5A /* Build configuration list for PBXNativeTarget "CLox" */ = {
			isa = XCConfigurationList;
			buildConfigurations = (
				24BEB50B2A0360450010EC5A /* Debug */,
				24BEB50C2A0360450010EC5A /* Release */,
			);
			defaultConfigurationIsVisible = 0;
			defaultConfigurationName = Release;
		};
/* End XCConfigurationList section */
	};
	rootObject = 24BEB4FB2A0360450010EC5A /* Project object */;
}
